
Microsoft Visual Studio Solution File, Format Version 12.00
# Visual Studio Version 16
VisualStudioVersion = 16.0.29326.143
MinimumVisualStudioVersion = 10.0.40219.1
Project("{FAE04EC0-301F-11D3-BF4B-00C04F79EFBC}") = "laba3", "laba3\laba3.csproj", "{54F8CB84-85D3-4063-99A4-39D573D480EB}"
EndProject
Global
	GlobalSection(SolutionConfigurationPlatforms) = preSolution
		Debug|Any CPU = Debug|Any CPU
		Release|Any CPU = Release|Any CPU
	EndGlobalSection
	GlobalSection(ProjectConfigurationPlatforms) = postSolution
		{54F8CB84-85D3-4063-99A4-39D573D480EB}.Debug|Any CPU.ActiveCfg = Debug|Any CPU
		{54F8CB84-85D3-4063-99A4-39D573D480EB}.Debug|Any CPU.Build.0 = Debug|Any CPU
		{54F8CB84-85D3-4063-99A4-39D573D480EB}.Release|Any CPU.ActiveCfg = Release|Any CPU
		{54F8CB84-85D3-4063-99A4-39D573D480EB}.Release|Any CPU.Build.0 = Release|Any CPU
	EndGlobalSection
	GlobalSection(SolutionProperties) = preSolution
		HideSolutionNode = FALSE
	EndGlobalSection
	GlobalSection(ExtensibilityGlobals) = postSolution
		SolutionGuid = {131BD4E8-45DD-4B75-8F8A-846FFDF5A6E6}
	EndGlobalSection
EndGlobal
